
Microsoft Visual Studio Solution File, Format Version 12.00
Project("{FAE04EC0-301F-11D3-BF4B-00C04F79EFBC}") = "model", "model\model.csproj", "{5D1FD3DD-6300-4F69-92AC-1D60CCE8155C}"
EndProject
Project("{FAE04EC0-301F-11D3-BF4B-00C04F79EFBC}") = "persistance", "persistance\persistance.csproj", "{75B862B9-2304-43E1-9600-1808B430EBBC}"
EndProject
Project("{FAE04EC0-301F-11D3-BF4B-00C04F79EFBC}") = "grpcServer", "grpcServer\grpcServer.csproj", "{6D05269D-2029-49B4-9DBE-D11405BD68E6}"
EndProject
Global
	GlobalSection(SolutionConfigurationPlatforms) = preSolution
		Debug|Any CPU = Debug|Any CPU
		Release|Any CPU = Release|Any CPU
	EndGlobalSection
	GlobalSection(ProjectConfigurationPlatforms) = postSolution
		{5D1FD3DD-6300-4F69-92AC-1D60CCE8155C}.Debug|Any CPU.ActiveCfg = Debug|Any CPU
		{5D1FD3DD-6300-4F69-92AC-1D60CCE8155C}.Debug|Any CPU.Build.0 = Debug|Any CPU
		{5D1FD3DD-6300-4F69-92AC-1D60CCE8155C}.Release|Any CPU.ActiveCfg = Release|Any CPU
		{5D1FD3DD-6300-4F69-92AC-1D60CCE8155C}.Release|Any CPU.Build.0 = Release|Any CPU
		{75B862B9-2304-43E1-9600-1808B430EBBC}.Debug|Any CPU.ActiveCfg = Debug|Any CPU
		{75B862B9-2304-43E1-9600-1808B430EBBC}.Debug|Any CPU.Build.0 = Debug|Any CPU
		{75B862B9-2304-43E1-9600-1808B430EBBC}.Release|Any CPU.ActiveCfg = Release|Any CPU
		{75B862B9-2304-43E1-9600-1808B430EBBC}.Release|Any CPU.Build.0 = Release|Any CPU
		{6D05269D-2029-49B4-9DBE-D11405BD68E6}.Debug|Any CPU.ActiveCfg = Debug|Any CPU
		{6D05269D-2029-49B4-9DBE-D11405BD68E6}.Debug|Any CPU.Build.0 = Debug|Any CPU
		{6D05269D-2029-49B4-9DBE-D11405BD68E6}.Release|Any CPU.ActiveCfg = Release|Any CPU
		{6D05269D-2029-49B4-9DBE-D11405BD68E6}.Release|Any CPU.Build.0 = Release|Any CPU
	EndGlobalSection
	GlobalSection(NestedProjects) = preSolution
	EndGlobalSection
EndGlobal
